PODS:
  - MaterialMotionCoreAnimationFamily (1.0.0):
    - MaterialMotionRuntime
  - MaterialMotionRuntime (2.0.1)

DEPENDENCIES:
  - MaterialMotionCoreAnimationFamily (from `./`)
  - MaterialMotionRuntime (from `https://github.com/material-motion/material-motion-runtime-objc.git`, branch `develop`)

EXTERNAL SOURCES:
  MaterialMotionCoreAnimationFamily:
    :path: "./"
  MaterialMotionRuntime:
    :branch: develop
    :git: https://github.com/material-motion/material-motion-runtime-objc.git

CHECKOUT OPTIONS:
  MaterialMotionRuntime:
    :commit: 6fd31d275d7fda65331ed170ae393de8f84f6e2f
    :git: https://github.com/material-motion/material-motion-runtime-objc.git

SPEC CHECKSUMS:
  MaterialMotionCoreAnimationFamily: 363b6b0343e46950478ab5487a38445cf966de57
  MaterialMotionRuntime: 142f75ce2cf2682458aa9631541b8644b653ef34

PODFILE CHECKSUM: cbc66909b4f6fa2b61d6bb4ec5bd4ee73becdf43

COCOAPODS: 1.0.1
